
Microsoft Visual Studio Solution File, Format Version 12.00
# Visual Studio Version 17
VisualStudioVersion = 17.0.32014.148
MinimumVisualStudioVersion = 10.0.40219.1
Project("{9A19103F-16F7-4668-BE54-9A1E7A4F7556}") = "EasyCon2", "EasyCon2\EasyCon2.csproj", "{53DD390A-7372-45C1-85C7-6CF070E0694F}"
EndProject
Project("{9A19103F-16F7-4668-BE54-9A1E7A4F7556}") = "ECDevice", "ECDevice\ECDevice.csproj", "{3CA35B95-9764-4DD4-B5DE-1784E6FD7E51}"
EndProject
Project("{9A19103F-16F7-4668-BE54-9A1E7A4F7556}") = "PTController", "PTController\PTController.csproj", "{5E89F088-E9CD-4390-8A78-7F3A391AC7B2}"
EndProject
Global
	GlobalSection(SolutionConfigurationPlatforms) = preSolution
		Debug|Any CPU = Debug|Any CPU
		Release|Any CPU = Release|Any CPU
	EndGlobalSection
	GlobalSection(ProjectConfigurationPlatforms) = postSolution
		{53DD390A-7372-45C1-85C7-6CF070E0694F}.Debug|Any CPU.ActiveCfg = Debug|Any CPU
		{53DD390A-7372-45C1-85C7-6CF070E0694F}.Debug|Any CPU.Build.0 = Debug|Any CPU
		{53DD390A-7372-45C1-85C7-6CF070E0694F}.Release|Any CPU.ActiveCfg = Release|Any CPU
		{53DD390A-7372-45C1-85C7-6CF070E0694F}.Release|Any CPU.Build.0 = Release|Any CPU
		{3CA35B95-9764-4DD4-B5DE-1784E6FD7E51}.Debug|Any CPU.ActiveCfg = Debug|Any CPU
		{3CA35B95-9764-4DD4-B5DE-1784E6FD7E51}.Debug|Any CPU.Build.0 = Debug|Any CPU
		{3CA35B95-9764-4DD4-B5DE-1784E6FD7E51}.Release|Any CPU.ActiveCfg = Release|Any CPU
		{3CA35B95-9764-4DD4-B5DE-1784E6FD7E51}.Release|Any CPU.Build.0 = Release|Any CPU
		{5E89F088-E9CD-4390-8A78-7F3A391AC7B2}.Debug|Any CPU.ActiveCfg = Debug|Any CPU
		{5E89F088-E9CD-4390-8A78-7F3A391AC7B2}.Debug|Any CPU.Build.0 = Debug|Any CPU
		{5E89F088-E9CD-4390-8A78-7F3A391AC7B2}.Release|Any CPU.ActiveCfg = Release|Any CPU
		{5E89F088-E9CD-4390-8A78-7F3A391AC7B2}.Release|Any CPU.Build.0 = Release|Any CPU
	EndGlobalSection
	GlobalSection(SolutionProperties) = preSolution
		HideSolutionNode = FALSE
	EndGlobalSection
	GlobalSection(ExtensibilityGlobals) = postSolution
		SolutionGuid = {76C914BF-C787-4560-95D1-21250FC849F4}
	EndGlobalSection
EndGlobal
