
Microsoft Visual Studio Solution File, Format Version 12.00
# Visual Studio Version 16
VisualStudioVersion = 16.0.29609.76
MinimumVisualStudioVersion = 10.0.40219.1
Project("{FAE04EC0-301F-11D3-BF4B-00C04F79EFBC}") = "PokemonTycoon", "PokemonTycoon\PokemonTycoon.csproj", "{B5173CA1-E928-4E48-884C-05A79CCE5B79}"
EndProject
Global
	GlobalSection(SolutionConfigurationPlatforms) = preSolution
		Debug|Any CPU = Debug|Any CPU
		Release|Any CPU = Release|Any CPU
	EndGlobalSection
	GlobalSection(ProjectConfigurationPlatforms) = postSolution
		{B5173CA1-E928-4E48-884C-05A79CCE5B79}.Debug|Any CPU.ActiveCfg = Debug|Any CPU
		{B5173CA1-E928-4E48-884C-05A79CCE5B79}.Debug|Any CPU.Build.0 = Debug|Any CPU
		{B5173CA1-E928-4E48-884C-05A79CCE5B79}.Release|Any CPU.ActiveCfg = Release|Any CPU
		{B5173CA1-E928-4E48-884C-05A79CCE5B79}.Release|Any CPU.Build.0 = Release|Any CPU
	EndGlobalSection
	GlobalSection(SolutionProperties) = preSolution
		HideSolutionNode = FALSE
	EndGlobalSection
	GlobalSection(ExtensibilityGlobals) = postSolution
		SolutionGuid = {1675FB1E-B54E-463F-A4AC-03DEC1FEFFDE}
	EndGlobalSection
EndGlobal
